{
  "nodes": {
    "flake-compat": {
      "flake": false,
      "locked": {
        "lastModified": 1696267196,
        "narHash": "sha256-AAQ/2sD+0D18bb8hKuEEVpHUYD1GmO2Uh/taFamn6XQ=",
        "owner": "edolstra",
        "repo": "flake-compat",
        "rev": "4f910c9827911b1ec2bf26b5a062cd09f8d89f85",
        "type": "github"
      },
      "original": {
        "owner": "edolstra",
        "repo": "flake-compat",
        "type": "github"
      }
    },
    "flake-utils": {
      "inputs": {
        "systems": "systems"
      },
      "locked": {
        "lastModified": 1694529238,
        "narHash": "sha256-zsNZZGTGnMOf9YpHKJqMSsa0dXbfmxeoJ7xHlrt+xmY=",
        "owner": "numtide",
        "repo": "flake-utils",
        "rev": "ff7b65b44d01cf9ba6a71320833626af21126384",
        "type": "github"
      },
      "original": {
        "owner": "numtide",
        "repo": "flake-utils",
        "type": "github"
      }
    },
    "nixpkgs": {
      "locked": {
        "lastModified": 1696039360,
        "narHash": "sha256-g7nIUV4uq1TOVeVIDEZLb005suTWCUjSY0zYOlSBsyE=",
        "owner": "NixOS",
        "repo": "nixpkgs",
        "rev": "32dcb45f66c0487e92db8303a798ebc548cadedc",
        "type": "github"
      },
      "original": {
        "owner": "NixOS",
        "ref": "nixos-23.05",
        "repo": "nixpkgs",
        "type": "github"
      }
    },
    "pibox-framebuffer": {
      "flake": false,
      "locked": {
        "lastModified": 1665542891,
        "narHash": "sha256-EasNizKF+WyOCu2c3biwsPBgMdVXZ5TxtVPOzn1B6ms=",
        "owner": "kubesail",
        "repo": "pibox-framebuffer",
        "rev": "aa6cddd67553c2ac63360a03943fd0b4b11394d7",
        "type": "github"
      },
      "original": {
        "owner": "kubesail",
        "repo": "pibox-framebuffer",
        "type": "github"
      }
    },
    "pibox-os": {
      "flake": false,
      "locked": {
        "lastModified": 1694815617,
        "narHash": "sha256-z31eOlz4OLqPSARgBZf3xSRClItuTvRB1lak0YabdhQ=",
        "owner": "kubesail",
        "repo": "pibox-os",
        "rev": "fd27e9fc3abb8f323606bbd8ca4361a73444e556",
        "type": "github"
      },
      "original": {
        "owner": "kubesail",
        "repo": "pibox-os",
        "type": "github"
      }
    },
    "root": {
      "inputs": {
        "flake-compat": "flake-compat",
        "flake-utils": "flake-utils",
        "nixpkgs": "nixpkgs",
        "pibox-framebuffer": "pibox-framebuffer",
        "pibox-os": "pibox-os"
      }
    },
    "systems": {
      "locked": {
        "lastModified": 1681028828,
        "narHash": "sha256-Vy1rq5AaRuLzOxct8nz4T6wlgyUR7zLU309k9mBC768=",
        "owner": "nix-systems",
        "repo": "default",
        "rev": "da67096a3b9bf56a91d16901293e51ba5b49a27e",
        "type": "github"
      },
      "original": {
        "owner": "nix-systems",
        "repo": "default",
        "type": "github"
      }
    }
  },
  "root": "root",
  "version": 7
}
