{
  "nodes": {
    "flake-compat": {
      "flake": false,
      "locked": {
        "lastModified": 1673956053,
        "narHash": "sha256-4gtG9iQuiKITOjNQQeQIpoIB6b16fm+504Ch3sNKLd8=",
        "owner": "edolstra",
        "repo": "flake-compat",
        "rev": "35bb57c0c8d8b62bbfd284272c928ceb64ddbde9",
        "type": "github"
      },
      "original": {
        "owner": "edolstra",
        "repo": "flake-compat",
        "type": "github"
      }
    },
    "flake-utils": {
      "inputs": {
        "systems": "systems"
      },
      "locked": {
        "lastModified": 1692799911,
        "narHash": "sha256-3eihraek4qL744EvQXsK1Ha6C3CR7nnT8X2qWap4RNk=",
        "owner": "numtide",
        "repo": "flake-utils",
        "rev": "f9e7cf818399d17d347f847525c5a5a8032e4e44",
        "type": "github"
      },
      "original": {
        "owner": "numtide",
        "repo": "flake-utils",
        "type": "github"
      }
    },
    "nixpkgs": {
      "locked": {
        "lastModified": 1693636127,
        "narHash": "sha256-ZlS/lFGzK7BJXX2YVGnP3yZi3T9OLOEtBCyMJsb91U8=",
        "owner": "NixOS",
        "repo": "nixpkgs",
        "rev": "9075cba53e86dc318d159aee55dc9a7c9a4829c1",
        "type": "github"
      },
      "original": {
        "owner": "NixOS",
        "ref": "nixos-23.05",
        "repo": "nixpkgs",
        "type": "github"
      }
    },
    "pibox-framebuffer": {
      "flake": false,
      "locked": {
        "lastModified": 1665542891,
        "narHash": "sha256-EasNizKF+WyOCu2c3biwsPBgMdVXZ5TxtVPOzn1B6ms=",
        "owner": "kubesail",
        "repo": "pibox-framebuffer",
        "rev": "aa6cddd67553c2ac63360a03943fd0b4b11394d7",
        "type": "github"
      },
      "original": {
        "owner": "kubesail",
        "repo": "pibox-framebuffer",
        "type": "github"
      }
    },
    "pibox-os": {
      "flake": false,
      "locked": {
        "lastModified": 1681276097,
        "narHash": "sha256-zE9dFaTLGsHxeac+Msy6pe062hb0+SYB73h+VIeChBc=",
        "owner": "kubesail",
        "repo": "pibox-os",
        "rev": "8e2ba5bbc5a2c02ff2e9421671a0c7460e676c4f",
        "type": "github"
      },
      "original": {
        "owner": "kubesail",
        "repo": "pibox-os",
        "type": "github"
      }
    },
    "root": {
      "inputs": {
        "flake-compat": "flake-compat",
        "flake-utils": "flake-utils",
        "nixpkgs": "nixpkgs",
        "pibox-framebuffer": "pibox-framebuffer",
        "pibox-os": "pibox-os"
      }
    },
    "systems": {
      "locked": {
        "lastModified": 1681028828,
        "narHash": "sha256-Vy1rq5AaRuLzOxct8nz4T6wlgyUR7zLU309k9mBC768=",
        "owner": "nix-systems",
        "repo": "default",
        "rev": "da67096a3b9bf56a91d16901293e51ba5b49a27e",
        "type": "github"
      },
      "original": {
        "owner": "nix-systems",
        "repo": "default",
        "type": "github"
      }
    }
  },
  "root": "root",
  "version": 7
}
