{
  "nodes": {
    "flake-compat": {
      "flake": false,
      "locked": {
        "lastModified": 1673956053,
        "narHash": "sha256-4gtG9iQuiKITOjNQQeQIpoIB6b16fm+504Ch3sNKLd8=",
        "owner": "edolstra",
        "repo": "flake-compat",
        "rev": "35bb57c0c8d8b62bbfd284272c928ceb64ddbde9",
        "type": "github"
      },
      "original": {
        "owner": "edolstra",
        "repo": "flake-compat",
        "type": "github"
      }
    },
    "flake-utils": {
      "inputs": {
        "systems": "systems"
      },
      "locked": {
        "lastModified": 1689068808,
        "narHash": "sha256-6ixXo3wt24N/melDWjq70UuHQLxGV8jZvooRanIHXw0=",
        "owner": "numtide",
        "repo": "flake-utils",
        "rev": "919d646de7be200f3bf08cb76ae1f09402b6f9b4",
        "type": "github"
      },
      "original": {
        "owner": "numtide",
        "repo": "flake-utils",
        "type": "github"
      }
    },
    "nixpkgs": {
      "locked": {
        "lastModified": 1690927903,
        "narHash": "sha256-D5gCaCROnjEKDOel//8TO/pOP87pAEtT0uT8X+0Bj/U=",
        "owner": "NixOS",
        "repo": "nixpkgs",
        "rev": "bd836ac5e5a7358dea73cb74a013ca32864ccb86",
        "type": "github"
      },
      "original": {
        "owner": "NixOS",
        "ref": "nixos-23.05",
        "repo": "nixpkgs",
        "type": "github"
      }
    },
    "pibox-framebuffer": {
      "flake": false,
      "locked": {
        "lastModified": 1665542891,
        "narHash": "sha256-EasNizKF+WyOCu2c3biwsPBgMdVXZ5TxtVPOzn1B6ms=",
        "owner": "kubesail",
        "repo": "pibox-framebuffer",
        "rev": "aa6cddd67553c2ac63360a03943fd0b4b11394d7",
        "type": "github"
      },
      "original": {
        "owner": "kubesail",
        "repo": "pibox-framebuffer",
        "type": "github"
      }
    },
    "pibox-os": {
      "flake": false,
      "locked": {
        "lastModified": 1681276097,
        "narHash": "sha256-zE9dFaTLGsHxeac+Msy6pe062hb0+SYB73h+VIeChBc=",
        "owner": "kubesail",
        "repo": "pibox-os",
        "rev": "8e2ba5bbc5a2c02ff2e9421671a0c7460e676c4f",
        "type": "github"
      },
      "original": {
        "owner": "kubesail",
        "repo": "pibox-os",
        "type": "github"
      }
    },
    "root": {
      "inputs": {
        "flake-compat": "flake-compat",
        "flake-utils": "flake-utils",
        "nixpkgs": "nixpkgs",
        "pibox-framebuffer": "pibox-framebuffer",
        "pibox-os": "pibox-os"
      }
    },
    "systems": {
      "locked": {
        "lastModified": 1681028828,
        "narHash": "sha256-Vy1rq5AaRuLzOxct8nz4T6wlgyUR7zLU309k9mBC768=",
        "owner": "nix-systems",
        "repo": "default",
        "rev": "da67096a3b9bf56a91d16901293e51ba5b49a27e",
        "type": "github"
      },
      "original": {
        "owner": "nix-systems",
        "repo": "default",
        "type": "github"
      }
    }
  },
  "root": "root",
  "version": 7
}
